// !$*UTF8*$!
{
	archiveVersion = 1;
	classes = {
	};
	objectVersion = 46;
	objects = {

/* Begin PBXBuildFile section */
		6FE4CA571C9BC889003A1096 /* main.m in Sources */ = {isa = PBXBuildFile; fileRef = 6FE4CA561C9BC889003A1096 /* main.m */; };
		6FE4CA5A1C9BC889003A1096 /* AppDelegate.m in Sources */ = {isa = PBXBuildFile; fileRef = 6FE4CA591C9BC889003A1096 /* AppDelegate.m */; };
		6FE4CA5D1C9BC889003A1096 /* ViewController.m in Sources */ = {isa = PBXBuildFile; fileRef = 6FE4CA5C1C9BC889003A1096 /* ViewController.m */; };
		6FE4CA601C9BC889003A1096 /* Main.storyboard in Resources */ = {isa = PBXBuildFile; fileRef = 6FE4CA5E1C9BC889003A1096 /* Main.storyboard */; };
		6FE4CA621C9BC889003A1096 /* Assets.xcassets in Resources */ = {isa = PBXBuildFile; fileRef = 6FE4CA611C9BC889003A1096 /* Assets.xcassets */; };
		6FE4CA651C9BC889003A1096 /* LaunchScreen.storyboard in Resources */ = {isa = PBXBuildFile; fileRef = 6FE4CA631C9BC889003A1096 /* LaunchScreen.storyboard */; };
		6FE4CA701C9BC889003A1096 /* UseWebpPictureTests.m in Sources */ = {isa = PBXBuildFile; fileRef = 6FE4CA6F1C9BC889003A1096 /* UseWebpPictureTests.m */; };
		6FE4CA7B1C9BC889003A1096 /* UseWebpPictureUITests.m in Sources */ = {isa = PBXBuildFile; fileRef = 6FE4CA7A1C9BC889003A1096 /* UseWebpPictureUITests.m */; };
/* End PBXBuildFile section */

/* Begin PBXContainerItemProxy section */
		6FE4CA6C1C9BC889003A1096 /* PBXContainerItemProxy */ = {
			isa = PBXContainerItemProxy;
			containerPortal = 6FE4CA4A1C9BC889003A1096 /* Project object */;
			proxyType = 1;
			remoteGlobalIDString = 6FE4CA511C9BC889003A1096;
			remoteInfo = UseWebpPicture;
		};
		6FE4CA771C9BC889003A1096 /* PBXContainerItemProxy */ = {
			isa = PBXContainerItemProxy;
			containerPortal = 6FE4CA4A1C9BC889003A1096 /* Project object */;
			proxyType = 1;
			remoteGlobalIDString = 6FE4CA511C9BC889003A1096;
			remoteInfo = UseWebpPicture;
		};
/* End PBXContainerItemProxy section */

/* Begin PBXFileReference section */
		6FE4CA521C9BC889003A1096 /* UseWebpPicture.app */ = {isa = PBXFileReference; explicitFileType = wrapper.application; includeInIndex = 0; path = UseWebpPicture.app; sourceTree = BUILT_PRODUCTS_DIR; };
		6FE4CA561C9BC889003A1096 /* main.m */ = {isa = PBXFileReference; lastKnownFileType = sourcecode.c.objc; path = main.m; sourceTree = "<group>"; };
		6FE4CA581C9BC889003A1096 /* AppDelegate.h */ = {isa = PBXFileReference; lastKnownFileType = sourcecode.c.h; path = AppDelegate.h; sourceTree = "<group>"; };
		6FE4CA591C9BC889003A1096 /* AppDelegate.m */ = {isa = PBXFileReference; lastKnownFileType = sourcecode.c.objc; path = AppDelegate.m; sourceTree = "<group>"; };
		6FE4CA5B1C9BC889003A1096 /* ViewController.h */ = {isa = PBXFileReference; lastKnownFileType = sourcecode.c.h; path = ViewController.h; sourceTree = "<group>"; };
		6FE4CA5C1C9BC889003A1096 /* ViewController.m */ = {isa = PBXFileReference; lastKnownFileType = sourcecode.c.objc; path = ViewController.m; sourceTree = "<group>"; };
		6FE4CA5F1C9BC889003A1096 /* Base */ = {isa = PBXFileReference; lastKnownFileType = file.storyboard; name = Base; path = Base.lproj/Main.storyboard; sourceTree = "<group>"; };
		6FE4CA611C9BC889003A1096 /* Assets.xcassets */ = {isa = PBXFileReference; lastKnownFileType = folder.assetcatalog; path = Assets.xcassets; sourceTree = "<group>"; };
		6FE4CA641C9BC889003A1096 /* Base */ = {isa = PBXFileReference; lastKnownFileType = file.storyboard; name = Base; path = Base.lproj/LaunchScreen.storyboard; sourceTree = "<group>"; };
		6FE4CA661C9BC889003A1096 /* Info.plist */ = {isa = PBXFileReference; lastKnownFileType = text.plist.xml; path = Info.plist; sourceTree = "<group>"; };
		6FE4CA6B1C9BC889003A1096 /* UseWebpPictureTests.xctest */ = {isa = PBXFileReference; explicitFileType = wrapper.cfbundle; includeInIndex = 0; path = UseWebpPictureTests.xctest; sourceTree = BUILT_PRODUCTS_DIR; };
		6FE4CA6F1C9BC889003A1096 /* UseWebpPictureTests.m */ = {isa = PBXFileReference; lastKnownFileType = sourcecode.c.objc; path = UseWebpPictureTests.m; sourceTree = "<group>"; };
		6FE4CA711C9BC889003A1096 /* Info.plist */ = {isa = PBXFileReference; lastKnownFileType = text.plist.xml; path = Info.plist; sourceTree = "<group>"; };
		6FE4CA761C9BC889003A1096 /* UseWebpPictureUITests.xctest */ = {isa = PBXFileReference; explicitFileType = wrapper.cfbundle; includeInIndex = 0; path = UseWebpPictureUITests.xctest; sourceTree = BUILT_PRODUCTS_DIR; };
		6FE4CA7A1C9BC889003A1096 /* UseWebpPictureUITests.m */ = {isa = PBXFileReference; lastKnownFileType = sourcecode.c.objc; path = UseWebpPictureUITests.m; sourceTree = "<group>"; };
		6FE4CA7C1C9BC889003A1096 /* Info.plist */ = {isa = PBXFileReference; lastKnownFileType = text.plist.xml; path = Info.plist; sourceTree = "<group>"; };
/* End PBXFileReference section */

/* Begin PBXFrameworksBuildPhase section */
		6FE4CA4F1C9BC889003A1096 /* Frameworks */ = {
			isa = PBXFrameworksBuildPhase;
			buildActionMask = 2147483647;
			files = (
			);
			runOnlyForDeploymentPostprocessing = 0;
		};
		6FE4CA681C9BC889003A1096 /* Frameworks */ = {
			isa = PBXFrameworksBuildPhase;
			buildActionMask = 2147483647;
			files = (
			);
			runOnlyForDeploymentPostprocessing = 0;
		};
		6FE4CA731C9BC889003A1096 /* Frameworks */ = {
			isa = PBXFrameworksBuildPhase;
			buildActionMask = 2147483647;
			files = (
			);
			runOnlyForDeploymentPostprocessing = 0;
		};
/* End PBXFrameworksBuildPhase section */

/* Begin PBXGroup section */
		6FE4CA491C9BC889003A1096 = {
			isa = PBXGroup;
			children = (
				6FE4CA541C9BC889003A1096 /* UseWebpPicture */,
				6FE4CA6E1C9BC889003A1096 /* UseWebpPictureTests */,
				6FE4CA791C9BC889003A1096 /* UseWebpPictureUITests */,
				6FE4CA531C9BC889003A1096 /* Products */,
			);
			sourceTree = "<group>";
		};
		6FE4CA531C9BC889003A1096 /* Products */ = {
			isa = PBXGroup;
			children = (
				6FE4CA521C9BC889003A1096 /* UseWebpPicture.app */,
				6FE4CA6B1C9BC889003A1096 /* UseWebpPictureTests.xctest */,
				6FE4CA761C9BC889003A1096 /* UseWebpPictureUITests.xctest */,
			);
			name = Products;
			sourceTree = "<group>";
		};
		6FE4CA541C9BC889003A1096 /* UseWebpPicture */ = {
			isa = PBXGroup;
			children = (
				6FE4CA581C9BC889003A1096 /* AppDelegate.h */,
				6FE4CA591C9BC889003A1096 /* AppDelegate.m */,
				6FE4CA5B1C9BC889003A1096 /* ViewController.h */,
				6FE4CA5C1C9BC889003A1096 /* ViewController.m */,
				6FE4CA5E1C9BC889003A1096 /* Main.storyboard */,
				6FE4CA611C9BC889003A1096 /* Assets.xcassets */,
				6FE4CA631C9BC889003A1096 /* LaunchScreen.storyboard */,
				6FE4CA661C9BC889003A1096 /* Info.plist */,
				6FE4CA551C9BC889003A1096 /* Supporting Files */,
			);
			path = UseWebpPicture;
			sourceTree = "<group>";
		};
		6FE4CA551C9BC889003A1096 /* Supporting Files */ = {
			isa = PBXGroup;
			children = (
				6FE4CA561C9BC889003A1096 /* main.m */,
			);
			name = "Supporting Files";
			sourceTree = "<group>";
		};
		6FE4CA6E1C9BC889003A1096 /* UseWebpPictureTests */ = {
			isa = PBXGroup;
			children = (
				6FE4CA6F1C9BC889003A1096 /* UseWebpPictureTests.m */,
				6FE4CA711C9BC889003A1096 /* Info.plist */,
			);
			path = UseWebpPictureTests;
			sourceTree = "<group>";
		};
		6FE4CA791C9BC889003A1096 /* UseWebpPictureUITests */ = {
			isa = PBXGroup;
			children = (
				6FE4CA7A1C9BC889003A1096 /* UseWebpPictureUITests.m */,
				6FE4CA7C1C9BC889003A1096 /* Info.plist */,
			);
			path = UseWebpPictureUITests;
			sourceTree = "<group>";
		};
/* End PBXGroup section */

/* Begin PBXNativeTarget section */
		6FE4CA511C9BC889003A1096 /* UseWebpPicture */ = {
			isa = PBXNativeTarget;
			buildConfigurationList = 6FE4CA7F1C9BC889003A1096 /* Build configuration list for PBXNativeTarget "UseWebpPicture" */;
			buildPhases = (
				6FE4CA4E1C9BC889003A1096 /* Sources */,
				6FE4CA4F1C9BC889003A1096 /* Frameworks */,
				6FE4CA501C9BC889003A1096 /* Resources */,
			);
			buildRules = (
			);
			dependencies = (
			);
			name = UseWebpPicture;
			productName = UseWebpPicture;
			productReference = 6FE4CA521C9BC889003A1096 /* UseWebpPicture.app */;
			productType = "com.apple.product-type.application";
		};
		6FE4CA6A1C9BC889003A1096 /* UseWebpPictureTests */ = {
			isa = PBXNativeTarget;
			buildConfigurationList = 6FE4CA821C9BC889003A1096 /* Build configuration list for PBXNativeTarget "UseWebpPictureTests" */;
			buildPhases = (
				6FE4CA671C9BC889003A1096 /* Sources */,
				6FE4CA681C9BC889003A1096 /* Frameworks */,
				6FE4CA691C9BC889003A1096 /* Resources */,
			);
			buildRules = (
			);
			dependencies = (
				6FE4CA6D1C9BC889003A1096 /* PBXTargetDependency */,
			);
			name = UseWebpPictureTests;
			productName = UseWebpPictureTests;
			productReference = 6FE4CA6B1C9BC889003A1096 /* UseWebpPictureTests.xctest */;
			productType = "com.apple.product-type.bundle.unit-test";
		};
		6FE4CA751C9BC889003A1096 /* UseWebpPictureUITests */ = {
			isa = PBXNativeTarget;
			buildConfigurationList = 6FE4CA851C9BC889003A1096 /* Build configuration list for PBXNativeTarget "UseWebpPictureUITests" */;
			buildPhases = (
				6FE4CA721C9BC889003A1096 /* Sources */,
				6FE4CA731C9BC889003A1096 /* Frameworks */,
				6FE4CA741C9BC889003A1096 /* Resources */,
			);
			buildRules = (
			);
			dependencies = (
				6FE4CA781C9BC889003A1096 /* PBXTargetDependency */,
			);
			name = UseWebpPictureUITests;
			productName = UseWebpPictureUITests;
			productReference = 6FE4CA761C9BC889003A1096 /* UseWebpPictureUITests.xctest */;
			productType = "com.apple.product-type.bundle.ui-testing";
		};
/* End PBXNativeTarget section */

/* Begin PBXProject section */
		6FE4CA4A1C9BC889003A1096 /* Project object */ = {
			isa = PBXProject;
			attributes = {
				LastUpgradeCheck = 0720;
				ORGANIZATIONNAME = crane;
				TargetAttributes = {
					6FE4CA511C9BC889003A1096 = {
						CreatedOnToolsVersion = 7.2;
						DevelopmentTeam = X8HVU98333;
					};
					6FE4CA6A1C9BC889003A1096 = {
						CreatedOnToolsVersion = 7.2;
						DevelopmentTeam = X8HVU98333;
						TestTargetID = 6FE4CA511C9BC889003A1096;
					};
					6FE4CA751C9BC889003A1096 = {
						CreatedOnToolsVersion = 7.2;
						DevelopmentTeam = X8HVU98333;
						TestTargetID = 6FE4CA511C9BC889003A1096;
					};
				};
			};
			buildConfigurationList = 6FE4CA4D1C9BC889003A1096 /* Build configuration list for PBXProject "UseWebpPicture" */;
			compatibilityVersion = "Xcode 3.2";
			developmentRegion = English;
			hasScannedForEncodings = 0;
			knownRegions = (
				en,
				Base,
			);
			mainGroup = 6FE4CA491C9BC889003A1096;
			productRefGroup = 6FE4CA531C9BC889003A1096 /* Products */;
			projectDirPath = "";
			projectRoot = "";
			targets = (
				6FE4CA511C9BC889003A1096 /* UseWebpPicture */,
				6FE4CA6A1C9BC889003A1096 /* UseWebpPictureTests */,
				6FE4CA751C9BC889003A1096 /* UseWebpPictureUITests */,
			);
		};
/* End PBXProject section */

/* Begin PBXResourcesBuildPhase section */
		6FE4CA501C9BC889003A1096 /* Resources */ = {
			isa = PBXResourcesBuildPhase;
			buildActionMask = 2147483647;
			files = (
				6FE4CA651C9BC889003A1096 /* LaunchScreen.storyboard in Resources */,
				6FE4CA621C9BC889003A1096 /* Assets.xcassets in Resources */,
				6FE4CA601C9BC889003A1096 /* Main.storyboard in Resources */,
			);
			runOnlyForDeploymentPostprocessing = 0;
		};
		6FE4CA691C9BC889003A1096 /* Resources */ = {
			isa = PBXResourcesBuildPhase;
			buildActionMask = 2147483647;
			files = (
			);
			runOnlyForDeploymentPostprocessing = 0;
		};
		6FE4CA741C9BC889003A1096 /* Resources */ = {
			isa = PBXResourcesBuildPhase;
			buildActionMask = 2147483647;
			files = (
			);
			runOnlyForDeploymentPostprocessing = 0;
		};
/* End PBXResourcesBuildPhase section */

/* Begin PBXSourcesBuildPhase section */
		6FE4CA4E1C9BC889003A1096 /* Sources */ = {
			isa = PBXSourcesBuildPhase;
			buildActionMask = 2147483647;
			files = (
				6FE4CA5D1C9BC889003A1096 /* ViewController.m in Sources */,
				6FE4CA5A1C9BC889003A1096 /* AppDelegate.m in Sources */,
				6FE4CA571C9BC889003A1096 /* main.m in Sources */,
			);
			runOnlyForDeploymentPostprocessing = 0;
		};
		6FE4CA671C9BC889003A1096 /* Sources */ = {
			isa = PBXSourcesBuildPhase;
			buildActionMask = 2147483647;
			files = (
				6FE4CA701C9BC889003A1096 /* UseWebpPictureTests.m in Sources */,
			);
			runOnlyForDeploymentPostprocessing = 0;
		};
		6FE4CA721C9BC889003A1096 /* Sources */ = {
			isa = PBXSourcesBuildPhase;
			buildActionMask = 2147483647;
			files = (
				6FE4CA7B1C9BC889003A1096 /* UseWebpPictureUITests.m in Sources */,
			);
			runOnlyForDeploymentPostprocessing = 0;
		};
/* End PBXSourcesBuildPhase section */

/* Begin PBXTargetDependency section */
		6FE4CA6D1C9BC889003A1096 /* PBXTargetDependency */ = {
			isa = PBXTargetDependency;
			target = 6FE4CA511C9BC889003A1096 /* UseWebpPicture */;
			targetProxy = 6FE4CA6C1C9BC889003A1096 /* PBXContainerItemProxy */;
		};
		6FE4CA781C9BC889003A1096 /* PBXTargetDependency */ = {
			isa = PBXTargetDependency;
			target = 6FE4CA511C9BC889003A1096 /* UseWebpPicture */;
			targetProxy = 6FE4CA771C9BC889003A1096 /* PBXContainerItemProxy */;
		};
/* End PBXTargetDependency section */

/* Begin PBXVariantGroup section */
		6FE4CA5E1C9BC889003A1096 /* Main.storyboard */ = {
			isa = PBXVariantGroup;
			children = (
				6FE4CA5F1C9BC889003A1096 /* Base */,
			);
			name = Main.storyboard;
			sourceTree = "<group>";
		};
		6FE4CA631C9BC889003A1096 /* LaunchScreen.storyboard */ = {
			isa = PBXVariantGroup;
			children = (
				6FE4CA641C9BC889003A1096 /* Base */,
			);
			name = LaunchScreen.storyboard;
			sourceTree = "<group>";
		};
/* End PBXVariantGroup section */

/* Begin XCBuildConfiguration section */
		6FE4CA7D1C9BC889003A1096 /* Debug */ = {
			isa = XCBuildConfiguration;
			buildSettings = {
				ALWAYS_SEARCH_USER_PATHS = NO;
				CLANG_CXX_LANGUAGE_STANDARD = "gnu++0x";
				CLANG_CXX_LIBRARY = "libc++";
				CLANG_ENABLE_MODULES = YES;
				CLANG_ENABLE_OBJC_ARC = YES;
				CLANG_WARN_BOOL_CONVERSION = YES;
				CLANG_WARN_CONSTANT_CONVERSION = YES;
				CLANG_WARN_DIRECT_OBJC_ISA_USAGE = YES_ERROR;
				CLANG_WARN_EMPTY_BODY = YES;
				CLANG_WARN_ENUM_CONVERSION = YES;
				CLANG_WARN_INT_CONVERSION = YES;
				CLANG_WARN_OBJC_ROOT_CLASS = YES_ERROR;
				CLANG_WARN_UNREACHABLE_CODE = YES;
				CLANG_WARN__DUPLICATE_METHOD_MATCH = YES;
				"CODE_SIGN_IDENTITY[sdk=iphoneos*]" = "iPhone Developer";
				COPY_PHASE_STRIP = NO;
				DEBUG_INFORMATION_FORMAT = dwarf;
				ENABLE_STRICT_OBJC_MSGSEND = YES;
				ENABLE_TESTABILITY = YES;
				GCC_C_LANGUAGE_STANDARD = gnu99;
				GCC_DYNAMIC_NO_PIC = NO;
				GCC_NO_COMMON_BLOCKS = YES;
				GCC_OPTIMIZATION_LEVEL = 0;
				GCC_PREPROCESSOR_DEFINITIONS = (
					"DEBUG=1",
					"$(inherited)",
				);
				GCC_WARN_64_TO_32_BIT_CONVERSION = YES;
				GCC_WARN_ABOUT_RETURN_TYPE = YES_ERROR;
				GCC_WARN_UNDECLARED_SELECTOR = YES;
				GCC_WARN_UNINITIALIZED_AUTOS = YES_AGGRESSIVE;
				GCC_WARN_UNUSED_FUNCTION = YES;
				GCC_WARN_UNUSED_VARIABLE = YES;
				IPHONEOS_DEPLOYMENT_TARGET = 9.2;
				MTL_ENABLE_DEBUG_INFO = YES;
				ONLY_ACTIVE_ARCH = YES;
				SDKROOT = iphoneos;
			};
			name = Debug;
		};
		6FE4CA7E1C9BC889003A1096 /* Release */ = {
			isa = XCBuildConfiguration;
			buildSettings = {
				ALWAYS_SEARCH_USER_PATHS = NO;
				CLANG_CXX_LANGUAGE_STANDARD = "gnu++0x";
				CLANG_CXX_LIBRARY = "libc++";
				CLANG_ENABLE_MODULES = YES;
				CLANG_ENABLE_OBJC_ARC = YES;
				CLANG_WARN_BOOL_CONVERSION = YES;
				CLANG_WARN_CONSTANT_CONVERSION = YES;
				CLANG_WARN_DIRECT_OBJC_ISA_USAGE = YES_ERROR;
				CLANG_WARN_EMPTY_BODY = YES;
				CLANG_WARN_ENUM_CONVERSION = YES;
				CLANG_WARN_INT_CONVERSION = YES;
				CLANG_WARN_OBJC_ROOT_CLASS = YES_ERROR;
				CLANG_WARN_UNREACHABLE_CODE = YES;
				CLANG_WARN__DUPLICATE_METHOD_MATCH = YES;
				"CODE_SIGN_IDENTITY[sdk=iphoneos*]" = "iPhone Developer";
				COPY_PHASE_STRIP = NO;
				DEBUG_INFORMATION_FORMAT = "dwarf-with-dsym";
				ENABLE_NS_ASSERTIONS = NO;
				ENABLE_STRICT_OBJC_MSGSEND = YES;
				GCC_C_LANGUAGE_STANDARD = gnu99;
				GCC_NO_COMMON_BLOCKS = YES;
				GCC_WARN_64_TO_32_BIT_CONVERSION = YES;
				GCC_WARN_ABOUT_RETURN_TYPE = YES_ERROR;
				GCC_WARN_UNDECLARED_SELECTOR = YES;
				GCC_WARN_UNINITIALIZED_AUTOS = YES_AGGRESSIVE;
				GCC_WARN_UNUSED_FUNCTION = YES;
				GCC_WARN_UNUSED_VARIABLE = YES;
				IPHONEOS_DEPLOYMENT_TARGET = 9.2;
				MTL_ENABLE_DEBUG_INFO = NO;
				SDKROOT = iphoneos;
				VALIDATE_PRODUCT = YES;
			};
			name = Release;
		};
		6FE4CA801C9BC889003A1096 /* Debug */ = {
			isa = XCBuildConfiguration;
			buildSettings = {
				ASSETCATALOG_COMPILER_APPICON_NAME = AppIcon;
				INFOPLIST_FILE = UseWebpPicture/Info.plist;
				LD_RUNPATH_SEARCH_PATHS = "$(inherited) @executable_path/Frameworks";
				PRODUCT_BUNDLE_IDENTIFIER = com.crame.UseWebpPicture;
				PRODUCT_NAME = "$(TARGET_NAME)";
			};
			name = Debug;
		};
		6FE4CA811C9BC889003A1096 /* Release */ = {
			isa = XCBuildConfiguration;
			buildSettings = {
				ASSETCATALOG_COMPILER_APPICON_NAME = AppIcon;
				INFOPLIST_FILE = UseWebpPicture/Info.plist;
				LD_RUNPATH_SEARCH_PATHS = "$(inherited) @executable_path/Frameworks";
				PRODUCT_BUNDLE_IDENTIFIER = com.crame.UseWebpPicture;
				PRODUCT_NAME = "$(TARGET_NAME)";
			};
			name = Release;
		};
		6FE4CA831C9BC889003A1096 /* Debug */ = {
			isa = XCBuildConfiguration;
			buildSettings = {
				BUNDLE_LOADER = "$(TEST_HOST)";
				INFOPLIST_FILE = UseWebpPictureTests/Info.plist;
				LD_RUNPATH_SEARCH_PATHS = "$(inherited) @executable_path/Frameworks @loader_path/Frameworks";
				PRODUCT_BUNDLE_IDENTIFIER = com.crame.UseWebpPictureTests;
				PRODUCT_NAME = "$(TARGET_NAME)";
				TEST_HOST = "$(BUILT_PRODUCTS_DIR)/UseWebpPicture.app/UseWebpPicture";
			};
			name = Debug;
		};
		6FE4CA841C9BC889003A1096 /* Release */ = {
			isa = XCBuildConfiguration;
			buildSettings = {
				BUNDLE_LOADER = "$(TEST_HOST)";
				INFOPLIST_FILE = UseWebpPictureTests/Info.plist;
				LD_RUNPATH_SEARCH_PATHS = "$(inherited) @executable_path/Frameworks @loader_path/Frameworks";
				PRODUCT_BUNDLE_IDENTIFIER = com.crame.UseWebpPictureTests;
				PRODUCT_NAME = "$(TARGET_NAME)";
				TEST_HOST = "$(BUILT_PRODUCTS_DIR)/UseWebpPicture.app/UseWebpPicture";
			};
			name = Release;
		};
		6FE4CA861C9BC889003A1096 /* Debug */ = {
			isa = XCBuildConfiguration;
			buildSettings = {
				INFOPLIST_FILE = UseWebpPictureUITests/Info.plist;
				LD_RUNPATH_SEARCH_PATHS = "$(inherited) @executable_path/Frameworks @loader_path/Frameworks";
				PRODUCT_BUNDLE_IDENTIFIER = com.crame.UseWebpPictureUITests;
				PRODUCT_NAME = "$(TARGET_NAME)";
				TEST_TARGET_NAME = UseWebpPicture;
				USES_XCTRUNNER = YES;
			};
			name = Debug;
		};
		6FE4CA871C9BC889003A1096 /* Release */ = {
			isa = XCBuildConfiguration;
			buildSettings = {
				INFOPLIST_FILE = UseWebpPictureUITests/Info.plist;
				LD_RUNPATH_SEARCH_PATHS = "$(inherited) @executable_path/Frameworks @loader_path/Frameworks";
				PRODUCT_BUNDLE_IDENTIFIER = com.crame.UseWebpPictureUITests;
				PRODUCT_NAME = "$(TARGET_NAME)";
				TEST_TARGET_NAME = UseWebpPicture;
				USES_XCTRUNNER = YES;
			};
			name = Release;
		};
/* End XCBuildConfiguration section */

/* Begin XCConfigurationList section */
		6FE4CA4D1C9BC889003A1096 /* Build configuration list for PBXProject "UseWebpPicture" */ = {
			isa = XCConfigurationList;
			buildConfigurations = (
				6FE4CA7D1C9BC889003A1096 /* Debug */,
				6FE4CA7E1C9BC889003A1096 /* Release */,
			);
			defaultConfigurationIsVisible = 0;
			defaultConfigurationName = Release;
		};
		6FE4CA7F1C9BC889003A1096 /* Build configuration list for PBXNativeTarget "UseWebpPicture" */ = {
			isa = XCConfigurationList;
			buildConfigurations = (
				6FE4CA801C9BC889003A1096 /* Debug */,
				6FE4CA811C9BC889003A1096 /* Release */,
			);
			defaultConfigurationIsVisible = 0;
		};
		6FE4CA821C9BC889003A1096 /* Build configuration list for PBXNativeTarget "UseWebpPictureTests" */ = {
			isa = XCConfigurationList;
			buildConfigurations = (
				6FE4CA831C9BC889003A1096 /* Debug */,
				6FE4CA841C9BC889003A1096 /* Release */,
			);
			defaultConfigurationIsVisible = 0;
		};
		6FE4CA851C9BC889003A1096 /* Build configuration list for PBXNativeTarget "UseWebpPictureUITests" */ = {
			isa = XCConfigurationList;
			buildConfigurations = (
				6FE4CA861C9BC889003A1096 /* Debug */,
				6FE4CA871C9BC889003A1096 /* Release */,
			);
			defaultConfigurationIsVisible = 0;
		};
/* End XCConfigurationList section */
	};
	rootObject = 6FE4CA4A1C9BC889003A1096 /* Project object */;
}
